{
  "name": "y",
  "version": "1.0.0",
  "lockfileVersion": 3,
  "requires": true,
  "packages": {
    "": {
      "name": "y",
      "version": "1.0.0",
      "license": "ISC",
      "dependencies": {
        "alea": "^1.0.1",
        "gsap": "^3.11.5",
        "lil-gui": "^0.18.1",
        "simplex-noise": "^4.0.1",
        "three": "^0.151.3"
      }
    },
    "node_modules/alea": {
      "version": "1.0.1",
      "resolved": "https://registry.npmjs.org/alea/-/alea-1.0.1.tgz",
      "integrity": "sha512-QU+wv+ziDXaMxRdsQg/aH7sVfWdhKps5YP97IIwFkHCsbDZA3k87JXoZ5/iuemf4ntytzIWeScrRpae8+lDrXA=="
    },
    "node_modules/gsap": {
      "version": "3.11.5",
      "integrity": "sha512-Q89nKCLgoX5xUjznh9LcaIUkz54k1voNucT1Rpf9SJNFIQznBwFqt5qUUQbeVInFyN/n18OUJkpeI6CNEDt74w=="
    },
    "node_modules/lil-gui": {
      "version": "0.18.1",
      "integrity": "sha512-nsDJLflFGro81hcGqaiDNBEKgkMKNF9okmMmW3Xc6sPXP1zyfD3oIftyctvBQD2iTIUgWDw6CuME1IQZD+OvLw=="
    },
    "node_modules/simplex-noise": {
      "version": "4.0.1",
      "resolved": "https://registry.npmjs.org/simplex-noise/-/simplex-noise-4.0.1.tgz",
      "integrity": "sha512-zl/+bdSqW7HJOQ0oDbxrNYaF4F5ik0i7M6YOYmEoIJNtg16NpvWaTTM1Y7oV/7T0jFljawLgYPS81Uu2rsfo1A=="
    },
    "node_modules/three": {
      "version": "0.151.3",
      "integrity": "sha512-+vbuqxFy8kzLeO5MgpBHUvP/EAiecaDwDuOPPDe6SbrZr96kccF0ktLngXc7xA7bzyd3N0t2f6mw3Z9y6JCojQ=="
    }
  }
}
